
Microsoft Visual Studio Solution File, Format Version 12.00
# Visual Studio Version 17
VisualStudioVersion = 17.3.32929.385
MinimumVisualStudioVersion = 10.0.40219.1
Project("{FAE04EC0-301F-11D3-BF4B-00C04F79EFBC}") = "task_11.29.2022", "task_11.29.2022.csproj", "{ACFE4D74-262F-44E7-A0B5-233254F6F2ED}"
EndProject
Global
	GlobalSection(SolutionConfigurationPlatforms) = preSolution
		Debug|Any CPU = Debug|Any CPU
		Release|Any CPU = Release|Any CPU
	EndGlobalSection
	GlobalSection(ProjectConfigurationPlatforms) = postSolution
		{ACFE4D74-262F-44E7-A0B5-233254F6F2ED}.Debug|Any CPU.ActiveCfg = Debug|Any CPU
		{ACFE4D74-262F-44E7-A0B5-233254F6F2ED}.Debug|Any CPU.Build.0 = Debug|Any CPU
		{ACFE4D74-262F-44E7-A0B5-233254F6F2ED}.Release|Any CPU.ActiveCfg = Release|Any CPU
		{ACFE4D74-262F-44E7-A0B5-233254F6F2ED}.Release|Any CPU.Build.0 = Release|Any CPU
	EndGlobalSection
	GlobalSection(SolutionProperties) = preSolution
		HideSolutionNode = FALSE
	EndGlobalSection
	GlobalSection(ExtensibilityGlobals) = postSolution
		SolutionGuid = {7DA09C3B-C93C-4F4F-A1CC-0BEDDF43B941}
	EndGlobalSection
EndGlobal
