
Microsoft Visual Studio Solution File, Format Version 12.00
# Visual Studio Version 17
VisualStudioVersion = 17.3.32929.385
MinimumVisualStudioVersion = 10.0.40219.1
Project("{FAE04EC0-301F-11D3-BF4B-00C04F79EFBC}") = "homework_29.11.2002", "homework_29.11.2002.csproj", "{5BB0DE2F-F05E-4A92-B810-C31769F80E08}"
EndProject
Global
	GlobalSection(SolutionConfigurationPlatforms) = preSolution
		Debug|Any CPU = Debug|Any CPU
		Release|Any CPU = Release|Any CPU
	EndGlobalSection
	GlobalSection(ProjectConfigurationPlatforms) = postSolution
		{5BB0DE2F-F05E-4A92-B810-C31769F80E08}.Debug|Any CPU.ActiveCfg = Debug|Any CPU
		{5BB0DE2F-F05E-4A92-B810-C31769F80E08}.Debug|Any CPU.Build.0 = Debug|Any CPU
		{5BB0DE2F-F05E-4A92-B810-C31769F80E08}.Release|Any CPU.ActiveCfg = Release|Any CPU
		{5BB0DE2F-F05E-4A92-B810-C31769F80E08}.Release|Any CPU.Build.0 = Release|Any CPU
	EndGlobalSection
	GlobalSection(SolutionProperties) = preSolution
		HideSolutionNode = FALSE
	EndGlobalSection
	GlobalSection(ExtensibilityGlobals) = postSolution
		SolutionGuid = {16CA6129-E3B1-4163-B8C4-C87967610891}
	EndGlobalSection
EndGlobal
