
Microsoft Visual Studio Solution File, Format Version 12.00
# Visual Studio Version 17
VisualStudioVersion = 17.3.32929.385
MinimumVisualStudioVersion = 10.0.40219.1
Project("{FAE04EC0-301F-11D3-BF4B-00C04F79EFBC}") = "Enums", "Enums.csproj", "{D8255DF3-654C-46D5-9EC4-F833D7AFDCBE}"
EndProject
Global
	GlobalSection(SolutionConfigurationPlatforms) = preSolution
		Debug|Any CPU = Debug|Any CPU
		Release|Any CPU = Release|Any CPU
	EndGlobalSection
	GlobalSection(ProjectConfigurationPlatforms) = postSolution
		{D8255DF3-654C-46D5-9EC4-F833D7AFDCBE}.Debug|Any CPU.ActiveCfg = Debug|Any CPU
		{D8255DF3-654C-46D5-9EC4-F833D7AFDCBE}.Debug|Any CPU.Build.0 = Debug|Any CPU
		{D8255DF3-654C-46D5-9EC4-F833D7AFDCBE}.Release|Any CPU.ActiveCfg = Release|Any CPU
		{D8255DF3-654C-46D5-9EC4-F833D7AFDCBE}.Release|Any CPU.Build.0 = Release|Any CPU
	EndGlobalSection
	GlobalSection(SolutionProperties) = preSolution
		HideSolutionNode = FALSE
	EndGlobalSection
	GlobalSection(ExtensibilityGlobals) = postSolution
		SolutionGuid = {6B108006-8EAE-45F5-B90F-AAABFF739902}
	EndGlobalSection
EndGlobal
