
Microsoft Visual Studio Solution File, Format Version 12.00
# Visual Studio Version 17
VisualStudioVersion = 17.3.32929.385
MinimumVisualStudioVersion = 10.0.40219.1
Project("{FAE04EC0-301F-11D3-BF4B-00C04F79EFBC}") = "ORM Entitiy Framework", "ORM Entitiy Framework.csproj", "{41813A27-6066-4133-88EE-CD1AFB1ECD43}"
EndProject
Global
	GlobalSection(SolutionConfigurationPlatforms) = preSolution
		Debug|Any CPU = Debug|Any CPU
		Release|Any CPU = Release|Any CPU
	EndGlobalSection
	GlobalSection(ProjectConfigurationPlatforms) = postSolution
		{41813A27-6066-4133-88EE-CD1AFB1ECD43}.Debug|Any CPU.ActiveCfg = Debug|Any CPU
		{41813A27-6066-4133-88EE-CD1AFB1ECD43}.Debug|Any CPU.Build.0 = Debug|Any CPU
		{41813A27-6066-4133-88EE-CD1AFB1ECD43}.Release|Any CPU.ActiveCfg = Release|Any CPU
		{41813A27-6066-4133-88EE-CD1AFB1ECD43}.Release|Any CPU.Build.0 = Release|Any CPU
	EndGlobalSection
	GlobalSection(SolutionProperties) = preSolution
		HideSolutionNode = FALSE
	EndGlobalSection
	GlobalSection(ExtensibilityGlobals) = postSolution
		SolutionGuid = {62D683F6-D8CC-4A74-94DE-FDD5B53FE086}
	EndGlobalSection
EndGlobal
