
Microsoft Visual Studio Solution File, Format Version 12.00
# Visual Studio Version 17
VisualStudioVersion = 17.3.32929.385
MinimumVisualStudioVersion = 10.0.40219.1
Project("{FAE04EC0-301F-11D3-BF4B-00C04F79EFBC}") = "Json to Object", "Json to Object.csproj", "{D191DB30-0104-4C3B-A0EC-6057BA99E46B}"
EndProject
Global
	GlobalSection(SolutionConfigurationPlatforms) = preSolution
		Debug|Any CPU = Debug|Any CPU
		Release|Any CPU = Release|Any CPU
	EndGlobalSection
	GlobalSection(ProjectConfigurationPlatforms) = postSolution
		{D191DB30-0104-4C3B-A0EC-6057BA99E46B}.Debug|Any CPU.ActiveCfg = Debug|Any CPU
		{D191DB30-0104-4C3B-A0EC-6057BA99E46B}.Debug|Any CPU.Build.0 = Debug|Any CPU
		{D191DB30-0104-4C3B-A0EC-6057BA99E46B}.Release|Any CPU.ActiveCfg = Release|Any CPU
		{D191DB30-0104-4C3B-A0EC-6057BA99E46B}.Release|Any CPU.Build.0 = Release|Any CPU
	EndGlobalSection
	GlobalSection(SolutionProperties) = preSolution
		HideSolutionNode = FALSE
	EndGlobalSection
	GlobalSection(ExtensibilityGlobals) = postSolution
		SolutionGuid = {F736FE1D-073C-421B-8C9A-EBD7C5652ED0}
	EndGlobalSection
EndGlobal
