
Microsoft Visual Studio Solution File, Format Version 12.00
# Visual Studio Version 17
VisualStudioVersion = 17.3.32929.385
MinimumVisualStudioVersion = 10.0.40219.1
Project("{FAE04EC0-301F-11D3-BF4B-00C04F79EFBC}") = "Classroom task2", "Classroom task2\Classroom task2.csproj", "{DA745225-12A0-4020-A3FD-D78D078E7BBB}"
EndProject
Global
	GlobalSection(SolutionConfigurationPlatforms) = preSolution
		Debug|Any CPU = Debug|Any CPU
		Release|Any CPU = Release|Any CPU
	EndGlobalSection
	GlobalSection(ProjectConfigurationPlatforms) = postSolution
		{DA745225-12A0-4020-A3FD-D78D078E7BBB}.Debug|Any CPU.ActiveCfg = Debug|Any CPU
		{DA745225-12A0-4020-A3FD-D78D078E7BBB}.Debug|Any CPU.Build.0 = Debug|Any CPU
		{DA745225-12A0-4020-A3FD-D78D078E7BBB}.Release|Any CPU.ActiveCfg = Release|Any CPU
		{DA745225-12A0-4020-A3FD-D78D078E7BBB}.Release|Any CPU.Build.0 = Release|Any CPU
	EndGlobalSection
	GlobalSection(SolutionProperties) = preSolution
		HideSolutionNode = FALSE
	EndGlobalSection
	GlobalSection(ExtensibilityGlobals) = postSolution
		SolutionGuid = {2BE5C393-30E5-475F-9722-AE70D0B3ECF3}
	EndGlobalSection
EndGlobal
