
Microsoft Visual Studio Solution File, Format Version 12.00
# Visual Studio Version 17
VisualStudioVersion = 17.3.32929.385
MinimumVisualStudioVersion = 10.0.40219.1
Project("{FAE04EC0-301F-11D3-BF4B-00C04F79EFBC}") = "task_28.11.2022", "task_28.11.2022.csproj", "{43D85845-756C-46A5-A007-D7CC51AF1B3B}"
EndProject
Global
	GlobalSection(SolutionConfigurationPlatforms) = preSolution
		Debug|Any CPU = Debug|Any CPU
		Release|Any CPU = Release|Any CPU
	EndGlobalSection
	GlobalSection(ProjectConfigurationPlatforms) = postSolution
		{43D85845-756C-46A5-A007-D7CC51AF1B3B}.Debug|Any CPU.ActiveCfg = Debug|Any CPU
		{43D85845-756C-46A5-A007-D7CC51AF1B3B}.Debug|Any CPU.Build.0 = Debug|Any CPU
		{43D85845-756C-46A5-A007-D7CC51AF1B3B}.Release|Any CPU.ActiveCfg = Release|Any CPU
		{43D85845-756C-46A5-A007-D7CC51AF1B3B}.Release|Any CPU.Build.0 = Release|Any CPU
	EndGlobalSection
	GlobalSection(SolutionProperties) = preSolution
		HideSolutionNode = FALSE
	EndGlobalSection
	GlobalSection(ExtensibilityGlobals) = postSolution
		SolutionGuid = {0E80DAC1-B07D-4F55-9ADB-D23888F76DC0}
	EndGlobalSection
EndGlobal
