
Microsoft Visual Studio Solution File, Format Version 12.00
# Visual Studio Version 17
VisualStudioVersion = 17.3.32929.385
MinimumVisualStudioVersion = 10.0.40219.1
Project("{FAE04EC0-301F-11D3-BF4B-00C04F79EFBC}") = "try catch test2", "try catch test2.csproj", "{E2D1F4C2-7C23-4523-BD8E-18D6B1986B73}"
EndProject
Global
	GlobalSection(SolutionConfigurationPlatforms) = preSolution
		Debug|Any CPU = Debug|Any CPU
		Release|Any CPU = Release|Any CPU
	EndGlobalSection
	GlobalSection(ProjectConfigurationPlatforms) = postSolution
		{E2D1F4C2-7C23-4523-BD8E-18D6B1986B73}.Debug|Any CPU.ActiveCfg = Debug|Any CPU
		{E2D1F4C2-7C23-4523-BD8E-18D6B1986B73}.Debug|Any CPU.Build.0 = Debug|Any CPU
		{E2D1F4C2-7C23-4523-BD8E-18D6B1986B73}.Release|Any CPU.ActiveCfg = Release|Any CPU
		{E2D1F4C2-7C23-4523-BD8E-18D6B1986B73}.Release|Any CPU.Build.0 = Release|Any CPU
	EndGlobalSection
	GlobalSection(SolutionProperties) = preSolution
		HideSolutionNode = FALSE
	EndGlobalSection
	GlobalSection(ExtensibilityGlobals) = postSolution
		SolutionGuid = {26736C18-6FAF-4910-8C1F-FAE362F62B2E}
	EndGlobalSection
EndGlobal
