
Microsoft Visual Studio Solution File, Format Version 12.00
# Visual Studio Version 17
VisualStudioVersion = 17.3.32929.385
MinimumVisualStudioVersion = 10.0.40219.1
Project("{FAE04EC0-301F-11D3-BF4B-00C04F79EFBC}") = "Proxy Pattern", "Proxy Pattern.csproj", "{B2FA51C6-0386-4E6D-B0E7-582A0659FA15}"
EndProject
Global
	GlobalSection(SolutionConfigurationPlatforms) = preSolution
		Debug|Any CPU = Debug|Any CPU
		Release|Any CPU = Release|Any CPU
	EndGlobalSection
	GlobalSection(ProjectConfigurationPlatforms) = postSolution
		{B2FA51C6-0386-4E6D-B0E7-582A0659FA15}.Debug|Any CPU.ActiveCfg = Debug|Any CPU
		{B2FA51C6-0386-4E6D-B0E7-582A0659FA15}.Debug|Any CPU.Build.0 = Debug|Any CPU
		{B2FA51C6-0386-4E6D-B0E7-582A0659FA15}.Release|Any CPU.ActiveCfg = Release|Any CPU
		{B2FA51C6-0386-4E6D-B0E7-582A0659FA15}.Release|Any CPU.Build.0 = Release|Any CPU
	EndGlobalSection
	GlobalSection(SolutionProperties) = preSolution
		HideSolutionNode = FALSE
	EndGlobalSection
	GlobalSection(ExtensibilityGlobals) = postSolution
		SolutionGuid = {0FCE2A90-3899-4019-AAFC-05A5195EA361}
	EndGlobalSection
EndGlobal
