
Microsoft Visual Studio Solution File, Format Version 12.00
# Visual Studio Version 17
VisualStudioVersion = 17.4.33110.190
MinimumVisualStudioVersion = 10.0.40219.1
Project("{FAE04EC0-301F-11D3-BF4B-00C04F79EFBC}") = "test", "test.csproj", "{87298278-6621-4179-BEAD-F8EAF8BCF2D9}"
EndProject
Global
	GlobalSection(SolutionConfigurationPlatforms) = preSolution
		Debug|Any CPU = Debug|Any CPU
		Release|Any CPU = Release|Any CPU
	EndGlobalSection
	GlobalSection(ProjectConfigurationPlatforms) = postSolution
		{87298278-6621-4179-BEAD-F8EAF8BCF2D9}.Debug|Any CPU.ActiveCfg = Debug|Any CPU
		{87298278-6621-4179-BEAD-F8EAF8BCF2D9}.Debug|Any CPU.Build.0 = Debug|Any CPU
		{87298278-6621-4179-BEAD-F8EAF8BCF2D9}.Release|Any CPU.ActiveCfg = Release|Any CPU
		{87298278-6621-4179-BEAD-F8EAF8BCF2D9}.Release|Any CPU.Build.0 = Release|Any CPU
	EndGlobalSection
	GlobalSection(SolutionProperties) = preSolution
		HideSolutionNode = FALSE
	EndGlobalSection
	GlobalSection(ExtensibilityGlobals) = postSolution
		SolutionGuid = {1D1FEBA6-07AA-4C99-A1F1-9188B952AD62}
	EndGlobalSection
EndGlobal
