
Microsoft Visual Studio Solution File, Format Version 12.00
# Visual Studio Version 17
VisualStudioVersion = 17.3.32929.385
MinimumVisualStudioVersion = 10.0.40219.1
Project("{FAE04EC0-301F-11D3-BF4B-00C04F79EFBC}") = "Repeat Method", "Repeat Method.csproj", "{6806625C-DA1B-434D-A240-EF13868DD8CF}"
EndProject
Global
	GlobalSection(SolutionConfigurationPlatforms) = preSolution
		Debug|Any CPU = Debug|Any CPU
		Release|Any CPU = Release|Any CPU
	EndGlobalSection
	GlobalSection(ProjectConfigurationPlatforms) = postSolution
		{6806625C-DA1B-434D-A240-EF13868DD8CF}.Debug|Any CPU.ActiveCfg = Debug|Any CPU
		{6806625C-DA1B-434D-A240-EF13868DD8CF}.Debug|Any CPU.Build.0 = Debug|Any CPU
		{6806625C-DA1B-434D-A240-EF13868DD8CF}.Release|Any CPU.ActiveCfg = Release|Any CPU
		{6806625C-DA1B-434D-A240-EF13868DD8CF}.Release|Any CPU.Build.0 = Release|Any CPU
	EndGlobalSection
	GlobalSection(SolutionProperties) = preSolution
		HideSolutionNode = FALSE
	EndGlobalSection
	GlobalSection(ExtensibilityGlobals) = postSolution
		SolutionGuid = {0FC7BA7B-168A-49E1-BB04-08BCC5124FF3}
	EndGlobalSection
EndGlobal
