
Microsoft Visual Studio Solution File, Format Version 12.00
# Visual Studio Version 17
VisualStudioVersion = 17.4.33110.190
MinimumVisualStudioVersion = 10.0.40219.1
Project("{FAE04EC0-301F-11D3-BF4B-00C04F79EFBC}") = "Mini Project", "Mini Project.csproj", "{07E76654-4016-477C-86DA-D885E0C5C2F9}"
EndProject
Global
	GlobalSection(SolutionConfigurationPlatforms) = preSolution
		Debug|Any CPU = Debug|Any CPU
		Release|Any CPU = Release|Any CPU
	EndGlobalSection
	GlobalSection(ProjectConfigurationPlatforms) = postSolution
		{07E76654-4016-477C-86DA-D885E0C5C2F9}.Debug|Any CPU.ActiveCfg = Debug|Any CPU
		{07E76654-4016-477C-86DA-D885E0C5C2F9}.Debug|Any CPU.Build.0 = Debug|Any CPU
		{07E76654-4016-477C-86DA-D885E0C5C2F9}.Release|Any CPU.ActiveCfg = Release|Any CPU
		{07E76654-4016-477C-86DA-D885E0C5C2F9}.Release|Any CPU.Build.0 = Release|Any CPU
	EndGlobalSection
	GlobalSection(SolutionProperties) = preSolution
		HideSolutionNode = FALSE
	EndGlobalSection
	GlobalSection(ExtensibilityGlobals) = postSolution
		SolutionGuid = {89C3A380-F122-47DA-B24E-5DDC95C8E126}
	EndGlobalSection
EndGlobal
