
Microsoft Visual Studio Solution File, Format Version 12.00
# Visual Studio Version 17
VisualStudioVersion = 17.3.32929.385
MinimumVisualStudioVersion = 10.0.40219.1
Project("{FAE04EC0-301F-11D3-BF4B-00C04F79EFBC}") = "ADO.NET SQL Connection example", "ADO.NET SQL Connection example.csproj", "{6493C64D-3140-4F69-8657-F2B57ECAA2ED}"
EndProject
Global
	GlobalSection(SolutionConfigurationPlatforms) = preSolution
		Debug|Any CPU = Debug|Any CPU
		Release|Any CPU = Release|Any CPU
	EndGlobalSection
	GlobalSection(ProjectConfigurationPlatforms) = postSolution
		{6493C64D-3140-4F69-8657-F2B57ECAA2ED}.Debug|Any CPU.ActiveCfg = Debug|Any CPU
		{6493C64D-3140-4F69-8657-F2B57ECAA2ED}.Debug|Any CPU.Build.0 = Debug|Any CPU
		{6493C64D-3140-4F69-8657-F2B57ECAA2ED}.Release|Any CPU.ActiveCfg = Release|Any CPU
		{6493C64D-3140-4F69-8657-F2B57ECAA2ED}.Release|Any CPU.Build.0 = Release|Any CPU
	EndGlobalSection
	GlobalSection(SolutionProperties) = preSolution
		HideSolutionNode = FALSE
	EndGlobalSection
	GlobalSection(ExtensibilityGlobals) = postSolution
		SolutionGuid = {D61346E8-C57A-4290-8E69-9EA90967B783}
	EndGlobalSection
EndGlobal
