
Microsoft Visual Studio Solution File, Format Version 12.00
# Visual Studio Version 17
VisualStudioVersion = 17.3.32929.385
MinimumVisualStudioVersion = 10.0.40219.1
Project("{FAE04EC0-301F-11D3-BF4B-00C04F79EFBC}") = "task_3_11.29.2022", "task_3_11.29.2022.csproj", "{0CDE72C7-8E25-4D95-BDCC-7CF79250BD1C}"
EndProject
Global
	GlobalSection(SolutionConfigurationPlatforms) = preSolution
		Debug|Any CPU = Debug|Any CPU
		Release|Any CPU = Release|Any CPU
	EndGlobalSection
	GlobalSection(ProjectConfigurationPlatforms) = postSolution
		{0CDE72C7-8E25-4D95-BDCC-7CF79250BD1C}.Debug|Any CPU.ActiveCfg = Debug|Any CPU
		{0CDE72C7-8E25-4D95-BDCC-7CF79250BD1C}.Debug|Any CPU.Build.0 = Debug|Any CPU
		{0CDE72C7-8E25-4D95-BDCC-7CF79250BD1C}.Release|Any CPU.ActiveCfg = Release|Any CPU
		{0CDE72C7-8E25-4D95-BDCC-7CF79250BD1C}.Release|Any CPU.Build.0 = Release|Any CPU
	EndGlobalSection
	GlobalSection(SolutionProperties) = preSolution
		HideSolutionNode = FALSE
	EndGlobalSection
	GlobalSection(ExtensibilityGlobals) = postSolution
		SolutionGuid = {4C3115F3-087E-45C7-8A49-17039D7480BE}
	EndGlobalSection
EndGlobal
